
Microsoft Visual Studio Solution File, Format Version 12.00
# Visual Studio Version 16
VisualStudioVersion = 16.0.30711.63
MinimumVisualStudioVersion = 10.0.40219.1
Project("{9A19103F-16F7-4668-BE54-9A1E7A4F7556}") = "Database", "Database\Database.csproj", "{C9F5B050-E824-41D6-8595-5131D8DC1633}"
EndProject
Project("{9A19103F-16F7-4668-BE54-9A1E7A4F7556}") = "Frontend", "Frontend\Frontend.csproj", "{DA0C6FC7-EFE3-4D93-92C2-987F1B6E1D50}"
EndProject
Project("{FAE04EC0-301F-11D3-BF4B-00C04F79EFBC}") = "Servicing", "Servicing\Servicing.csproj", "{E2625A81-40FA-4C76-9DFE-3212566D5D4C}"
EndProject
Global
	GlobalSection(SolutionConfigurationPlatforms) = preSolution
		Debug|Any CPU = Debug|Any CPU
		Release|Any CPU = Release|Any CPU
	EndGlobalSection
	GlobalSection(ProjectConfigurationPlatforms) = postSolution
		{C9F5B050-E824-41D6-8595-5131D8DC1633}.Debug|Any CPU.ActiveCfg = Debug|Any CPU
		{C9F5B050-E824-41D6-8595-5131D8DC1633}.Debug|Any CPU.Build.0 = Debug|Any CPU
		{C9F5B050-E824-41D6-8595-5131D8DC1633}.Release|Any CPU.ActiveCfg = Release|Any CPU
		{C9F5B050-E824-41D6-8595-5131D8DC1633}.Release|Any CPU.Build.0 = Release|Any CPU
		{DA0C6FC7-EFE3-4D93-92C2-987F1B6E1D50}.Debug|Any CPU.ActiveCfg = Debug|Any CPU
		{DA0C6FC7-EFE3-4D93-92C2-987F1B6E1D50}.Debug|Any CPU.Build.0 = Debug|Any CPU
		{DA0C6FC7-EFE3-4D93-92C2-987F1B6E1D50}.Release|Any CPU.ActiveCfg = Release|Any CPU
		{DA0C6FC7-EFE3-4D93-92C2-987F1B6E1D50}.Release|Any CPU.Build.0 = Release|Any CPU
		{E2625A81-40FA-4C76-9DFE-3212566D5D4C}.Debug|Any CPU.ActiveCfg = Debug|Any CPU
		{E2625A81-40FA-4C76-9DFE-3212566D5D4C}.Debug|Any CPU.Build.0 = Debug|Any CPU
		{E2625A81-40FA-4C76-9DFE-3212566D5D4C}.Release|Any CPU.ActiveCfg = Release|Any CPU
		{E2625A81-40FA-4C76-9DFE-3212566D5D4C}.Release|Any CPU.Build.0 = Release|Any CPU
	EndGlobalSection
	GlobalSection(SolutionProperties) = preSolution
		HideSolutionNode = FALSE
	EndGlobalSection
	GlobalSection(ExtensibilityGlobals) = postSolution
		SolutionGuid = {72F41D1B-B4DA-4B44-AFA3-72112D514E82}
	EndGlobalSection
EndGlobal
